// !$*UTF8*$!
{
	archiveVersion = 1;
	classes = {
	};
	objectVersion = 48;
	objects = {

/* Begin PBXBuildFile section */
		290BD6261FD4A73A0096CFF8 /* AppDelegate.swift in Sources */ = {isa = PBXBuildFile; fileRef = 290BD6251FD4A73A0096CFF8 /* AppDelegate.swift */; };
		290BD6281FD4A73A0096CFF8 /* SignInVC.swift in Sources */ = {isa = PBXBuildFile; fileRef = 290BD6271FD4A73A0096CFF8 /* SignInVC.swift */; };
		290BD62B1FD4A73A0096CFF8 /* Main.storyboard in Resources */ = {isa = PBXBuildFile; fileRef = 290BD6291FD4A73A0096CFF8 /* Main.storyboard */; };
		290BD62D1FD4A73A0096CFF8 /* Assets.xcassets in Resources */ = {isa = PBXBuildFile; fileRef = 290BD62C1FD4A73A0096CFF8 /* Assets.xcassets */; };
		290BD6301FD4A73A0096CFF8 /* LaunchScreen.storyboard in Resources */ = {isa = PBXBuildFile; fileRef = 290BD62E1FD4A73A0096CFF8 /* LaunchScreen.storyboard */; };
		290BD6381FD4A8280096CFF8 /* GoogleService-Info.plist in Resources */ = {isa = PBXBuildFile; fileRef = 290BD6371FD4A8280096CFF8 /* GoogleService-Info.plist */; };
		D6960E24DA19D813F74ECA81 /* Pods_MyOwnSocialNetwork.framework in Frameworks */ = {isa = PBXBuildFile; fileRef = 10340FE0808B2447B29AD3F2 /* Pods_MyOwnSocialNetwork.framework */; };
/* End PBXBuildFile section */

/* Begin PBXFileReference section */
		0BE754092A8108C5D05B27FB /* Pods-MyOwnSocialNetwork.release.xcconfig */ = {isa = PBXFileReference; includeInIndex = 1; lastKnownFileType = text.xcconfig; name = "Pods-MyOwnSocialNetwork.release.xcconfig"; path = "Pods/Target Support Files/Pods-MyOwnSocialNetwork/Pods-MyOwnSocialNetwork.release.xcconfig"; sourceTree = "<group>"; };
		10340FE0808B2447B29AD3F2 /* Pods_MyOwnSocialNetwork.framework */ = {isa = PBXFileReference; explicitFileType = wrapper.framework; includeInIndex = 0; path = Pods_MyOwnSocialNetwork.framework; sourceTree = BUILT_PRODUCTS_DIR; };
		290BD6221FD4A73A0096CFF8 /* MyOwnSocialNetwork.app */ = {isa = PBXFileReference; explicitFileType = wrapper.application; includeInIndex = 0; path = MyOwnSocialNetwork.app; sourceTree = BUILT_PRODUCTS_DIR; };
		290BD6251FD4A73A0096CFF8 /* AppDelegate.swift */ = {isa = PBXFileReference; lastKnownFileType = sourcecode.swift; path = AppDelegate.swift; sourceTree = "<group>"; };
		290BD6271FD4A73A0096CFF8 /* SignInVC.swift */ = {isa = PBXFileReference; lastKnownFileType = sourcecode.swift; path = SignInVC.swift; sourceTree = "<group>"; };
		290BD62A1FD4A73A0096CFF8 /* Base */ = {isa = PBXFileReference; lastKnownFileType = file.storyboard; name = Base; path = Base.lproj/Main.storyboard; sourceTree = "<group>"; };
		290BD62C1FD4A73A0096CFF8 /* Assets.xcassets */ = {isa = PBXFileReference; lastKnownFileType = folder.assetcatalog; path = Assets.xcassets; sourceTree = "<group>"; };
		290BD62F1FD4A73A0096CFF8 /* Base */ = {isa = PBXFileReference; lastKnownFileType = file.storyboard; name = Base; path = Base.lproj/LaunchScreen.storyboard; sourceTree = "<group>"; };
		290BD6311FD4A73A0096CFF8 /* Info.plist */ = {isa = PBXFileReference; lastKnownFileType = text.plist.xml; path = Info.plist; sourceTree = "<group>"; };
		290BD6371FD4A8280096CFF8 /* GoogleService-Info.plist */ = {isa = PBXFileReference; fileEncoding = 4; lastKnownFileType = text.plist.xml; path = "GoogleService-Info.plist"; sourceTree = "<group>"; };
		6D92DA538DD6983F8F6B7A80 /* Pods-MyOwnSocialNetwork.debug.xcconfig */ = {isa = PBXFileReference; includeInIndex = 1; lastKnownFileType = text.xcconfig; name = "Pods-MyOwnSocialNetwork.debug.xcconfig"; path = "Pods/Target Support Files/Pods-MyOwnSocialNetwork/Pods-MyOwnSocialNetwork.debug.xcconfig"; sourceTree = "<group>"; };
/* End PBXFileReference section */

/* Begin PBXFrameworksBuildPhase section */
		290BD61F1FD4A73A0096CFF8 /* Frameworks */ = {
			isa = PBXFrameworksBuildPhase;
			buildActionMask = 2147483647;
			files = (
				D6960E24DA19D813F74ECA81 /* Pods_MyOwnSocialNetwork.framework in Frameworks */,
			);
			runOnlyForDeploymentPostprocessing = 0;
		};
/* End PBXFrameworksBuildPhase section */

/* Begin PBXGroup section */
		290BD6191FD4A73A0096CFF8 = {
			isa = PBXGroup;
			children = (
				290BD6241FD4A73A0096CFF8 /* MyOwnSocialNetwork */,
				290BD6231FD4A73A0096CFF8 /* Products */,
				6701AC3A4E9A438EC15E1F81 /* Pods */,
				F380B4466FBA9C9F9E6A9ABC /* Frameworks */,
			);
			sourceTree = "<group>";
		};
		290BD6231FD4A73A0096CFF8 /* Products */ = {
			isa = PBXGroup;
			children = (
				290BD6221FD4A73A0096CFF8 /* MyOwnSocialNetwork.app */,
			);
			name = Products;
			sourceTree = "<group>";
		};
		290BD6241FD4A73A0096CFF8 /* MyOwnSocialNetwork */ = {
			isa = PBXGroup;
			children = (
				290BD6391FD4AAEA0096CFF8 /* Model */,
				290BD63A1FD4AAF10096CFF8 /* View */,
				290BD63B1FD4AAF80096CFF8 /* Controller */,
				290BD6251FD4A73A0096CFF8 /* AppDelegate.swift */,
				290BD6371FD4A8280096CFF8 /* GoogleService-Info.plist */,
				290BD6291FD4A73A0096CFF8 /* Main.storyboard */,
				290BD62C1FD4A73A0096CFF8 /* Assets.xcassets */,
				290BD62E1FD4A73A0096CFF8 /* LaunchScreen.storyboard */,
				290BD6311FD4A73A0096CFF8 /* Info.plist */,
			);
			path = MyOwnSocialNetwork;
			sourceTree = "<group>";
		};
		290BD6391FD4AAEA0096CFF8 /* Model */ = {
			isa = PBXGroup;
			children = (
			);
			path = Model;
			sourceTree = "<group>";
		};
		290BD63A1FD4AAF10096CFF8 /* View */ = {
			isa = PBXGroup;
			children = (
			);
			path = View;
			sourceTree = "<group>";
		};
		290BD63B1FD4AAF80096CFF8 /* Controller */ = {
			isa = PBXGroup;
			children = (
				290BD6271FD4A73A0096CFF8 /* SignInVC.swift */,
			);
			path = Controller;
			sourceTree = "<group>";
		};
		6701AC3A4E9A438EC15E1F81 /* Pods */ = {
			isa = PBXGroup;
			children = (
				6D92DA538DD6983F8F6B7A80 /* Pods-MyOwnSocialNetwork.debug.xcconfig */,
				0BE754092A8108C5D05B27FB /* Pods-MyOwnSocialNetwork.release.xcconfig */,
			);
			name = Pods;
			sourceTree = "<group>";
		};
		F380B4466FBA9C9F9E6A9ABC /* Frameworks */ = {
			isa = PBXGroup;
			children = (
				10340FE0808B2447B29AD3F2 /* Pods_MyOwnSocialNetwork.framework */,
			);
			name = Frameworks;
			sourceTree = "<group>";
		};
/* End PBXGroup section */

/* Begin PBXNativeTarget section */
		290BD6211FD4A73A0096CFF8 /* MyOwnSocialNetwork */ = {
			isa = PBXNativeTarget;
			buildConfigurationList = 290BD6341FD4A73A0096CFF8 /* Build configuration list for PBXNativeTarget "MyOwnSocialNetwork" */;
			buildPhases = (
				43DE2E33174AD8F84639B469 /* [CP] Check Pods Manifest.lock */,
				290BD61E1FD4A73A0096CFF8 /* Sources */,
				290BD61F1FD4A73A0096CFF8 /* Frameworks */,
				290BD6201FD4A73A0096CFF8 /* Resources */,
				7E7763594D3037A4ED20B186 /* [CP] Embed Pods Frameworks */,
				D7CEA3A78A8633CF001A7243 /* [CP] Copy Pods Resources */,
			);
			buildRules = (
			);
			dependencies = (
			);
			name = MyOwnSocialNetwork;
			productName = MyOwnSocialNetwork;
			productReference = 290BD6221FD4A73A0096CFF8 /* MyOwnSocialNetwork.app */;
			productType = "com.apple.product-type.application";
		};
/* End PBXNativeTarget section */

/* Begin PBXProject section */
		290BD61A1FD4A73A0096CFF8 /* Project object */ = {
			isa = PBXProject;
			attributes = {
				LastSwiftUpdateCheck = 0920;
				LastUpgradeCheck = 0920;
				ORGANIZATIONNAME = "Kanishk Verma";
				TargetAttributes = {
					290BD6211FD4A73A0096CFF8 = {
						CreatedOnToolsVersion = 9.2;
						ProvisioningStyle = Automatic;
					};
				};
			};
			buildConfigurationList = 290BD61D1FD4A73A0096CFF8 /* Build configuration list for PBXProject "MyOwnSocialNetwork" */;
			compatibilityVersion = "Xcode 8.0";
			developmentRegion = en;
			hasScannedForEncodings = 0;
			knownRegions = (
				en,
				Base,
			);
			mainGroup = 290BD6191FD4A73A0096CFF8;
			productRefGroup = 290BD6231FD4A73A0096CFF8 /* Products */;
			projectDirPath = "";
			projectRoot = "";
			targets = (
				290BD6211FD4A73A0096CFF8 /* MyOwnSocialNetwork */,
			);
		};
/* End PBXProject section */

/* Begin PBXResourcesBuildPhase section */
		290BD6201FD4A73A0096CFF8 /* Resources */ = {
			isa = PBXResourcesBuildPhase;
			buildActionMask = 2147483647;
			files = (
				290BD6301FD4A73A0096CFF8 /* LaunchScreen.storyboard in Resources */,
				290BD6381FD4A8280096CFF8 /* GoogleService-Info.plist in Resources */,
				290BD62D1FD4A73A0096CFF8 /* Assets.xcassets in Resources */,
				290BD62B1FD4A73A0096CFF8 /* Main.storyboard in Resources */,
			);
			runOnlyForDeploymentPostprocessing = 0;
		};
/* End PBXResourcesBuildPhase section */

/* Begin PBXShellScriptBuildPhase section */
		43DE2E33174AD8F84639B469 /* [CP] Check Pods Manifest.lock */ = {
			isa = PBXShellScriptBuildPhase;
			buildActionMask = 2147483647;
			files = (
			);
			inputPaths = (
				"${PODS_PODFILE_DIR_PATH}/Podfile.lock",
				"${PODS_ROOT}/Manifest.lock",
			);
			name = "[CP] Check Pods Manifest.lock";
			outputPaths = (
				"$(DERIVED_FILE_DIR)/Pods-MyOwnSocialNetwork-checkManifestLockResult.txt",
			);
			runOnlyForDeploymentPostprocessing = 0;
			shellPath = /bin/sh;
			shellScript = "diff \"${PODS_PODFILE_DIR_PATH}/Podfile.lock\" \"${PODS_ROOT}/Manifest.lock\" > /dev/null\nif [ $? != 0 ] ; then\n    # print error to STDERR\n    echo \"error: The sandbox is not in sync with the Podfile.lock. Run 'pod install' or update your CocoaPods installation.\" >&2\n    exit 1\nfi\n# This output is used by Xcode 'outputs' to avoid re-running this script phase.\necho \"SUCCESS\" > \"${SCRIPT_OUTPUT_FILE_0}\"\n";
			showEnvVarsInLog = 0;
		};
		7E7763594D3037A4ED20B186 /* [CP] Embed Pods Frameworks */ = {
			isa = PBXShellScriptBuildPhase;
			buildActionMask = 2147483647;
			files = (
			);
			inputPaths = (
				"${SRCROOT}/Pods/Target Support Files/Pods-MyOwnSocialNetwork/Pods-MyOwnSocialNetwork-frameworks.sh",
				"${BUILT_PRODUCTS_DIR}/GTMSessionFetcher/GTMSessionFetcher.framework",
				"${BUILT_PRODUCTS_DIR}/GoogleToolboxForMac/GoogleToolboxForMac.framework",
				"${BUILT_PRODUCTS_DIR}/leveldb-library/leveldb.framework",
				"${BUILT_PRODUCTS_DIR}/nanopb/nanopb.framework",
			);
			name = "[CP] Embed Pods Frameworks";
			outputPaths = (
				"${TARGET_BUILD_DIR}/${FRAMEWORKS_FOLDER_PATH}/GTMSessionFetcher.framework",
				"${TARGET_BUILD_DIR}/${FRAMEWORKS_FOLDER_PATH}/GoogleToolboxForMac.framework",
				"${TARGET_BUILD_DIR}/${FRAMEWORKS_FOLDER_PATH}/leveldb.framework",
				"${TARGET_BUILD_DIR}/${FRAMEWORKS_FOLDER_PATH}/nanopb.framework",
			);
			runOnlyForDeploymentPostprocessing = 0;
			shellPath = /bin/sh;
			shellScript = "\"${SRCROOT}/Pods/Target Support Files/Pods-MyOwnSocialNetwork/Pods-MyOwnSocialNetwork-frameworks.sh\"\n";
			showEnvVarsInLog = 0;
		};
		D7CEA3A78A8633CF001A7243 /* [CP] Copy Pods Resources */ = {
			isa = PBXShellScriptBuildPhase;
			buildActionMask = 2147483647;
			files = (
			);
			inputPaths = (
			);
			name = "[CP] Copy Pods Resources";
			outputPaths = (
			);
			runOnlyForDeploymentPostprocessing = 0;
			shellPath = /bin/sh;
			shellScript = "\"${SRCROOT}/Pods/Target Support Files/Pods-MyOwnSocialNetwork/Pods-MyOwnSocialNetwork-resources.sh\"\n";
			showEnvVarsInLog = 0;
		};
/* End PBXShellScriptBuildPhase section */

/* Begin PBXSourcesBuildPhase section */
		290BD61E1FD4A73A0096CFF8 /* Sources */ = {
			isa = PBXSourcesBuildPhase;
			buildActionMask = 2147483647;
			files = (
				290BD6281FD4A73A0096CFF8 /* SignInVC.swift in Sources */,
				290BD6261FD4A73A0096CFF8 /* AppDelegate.swift in Sources */,
			);
			runOnlyForDeploymentPostprocessing = 0;
		};
/* End PBXSourcesBuildPhase section */

/* Begin PBXVariantGroup section */
		290BD6291FD4A73A0096CFF8 /* Main.storyboard */ = {
			isa = PBXVariantGroup;
			children = (
				290BD62A1FD4A73A0096CFF8 /* Base */,
			);
			name = Main.storyboard;
			sourceTree = "<group>";
		};
		290BD62E1FD4A73A0096CFF8 /* LaunchScreen.storyboard */ = {
			isa = PBXVariantGroup;
			children = (
				290BD62F1FD4A73A0096CFF8 /* Base */,
			);
			name = LaunchScreen.storyboard;
			sourceTree = "<group>";
		};
/* End PBXVariantGroup section */

/* Begin XCBuildConfiguration section */
		290BD6321FD4A73A0096CFF8 /* Debug */ = {
			isa = XCBuildConfiguration;
			buildSettings = {
				ALWAYS_SEARCH_USER_PATHS = NO;
				CLANG_ANALYZER_NONNULL = YES;
				CLANG_ANALYZER_NUMBER_OBJECT_CONVERSION = YES_AGGRESSIVE;
				CLANG_CXX_LANGUAGE_STANDARD = "gnu++14";
				CLANG_CXX_LIBRARY = "libc++";
				CLANG_ENABLE_MODULES = YES;
				CLANG_ENABLE_OBJC_ARC = YES;
				CLANG_WARN_BLOCK_CAPTURE_AUTORELEASING = YES;
				CLANG_WARN_BOOL_CONVERSION = YES;
				CLANG_WARN_COMMA = YES;
				CLANG_WARN_CONSTANT_CONVERSION = YES;
				CLANG_WARN_DIRECT_OBJC_ISA_USAGE = YES_ERROR;
				CLANG_WARN_DOCUMENTATION_COMMENTS = YES;
				CLANG_WARN_EMPTY_BODY = YES;
				CLANG_WARN_ENUM_CONVERSION = YES;
				CLANG_WARN_INFINITE_RECURSION = YES;
				CLANG_WARN_INT_CONVERSION = YES;
				CLANG_WARN_NON_LITERAL_NULL_CONVERSION = YES;
				CLANG_WARN_OBJC_LITERAL_CONVERSION = YES;
				CLANG_WARN_OBJC_ROOT_CLASS = YES_ERROR;
				CLANG_WARN_RANGE_LOOP_ANALYSIS = YES;
				CLANG_WARN_STRICT_PROTOTYPES = YES;
				CLANG_WARN_SUSPICIOUS_MOVE = YES;
				CLANG_WARN_UNGUARDED_AVAILABILITY = YES_AGGRESSIVE;
				CLANG_WARN_UNREACHABLE_CODE = YES;
				CLANG_WARN__DUPLICATE_METHOD_MATCH = YES;
				CODE_SIGN_IDENTITY = "iPhone Developer";
				COPY_PHASE_STRIP = NO;
				DEBUG_INFORMATION_FORMAT = dwarf;
				ENABLE_STRICT_OBJC_MSGSEND = YES;
				ENABLE_TESTABILITY = YES;
				GCC_C_LANGUAGE_STANDARD = gnu11;
				GCC_DYNAMIC_NO_PIC = NO;
				GCC_NO_COMMON_BLOCKS = YES;
				GCC_OPTIMIZATION_LEVEL = 0;
				GCC_PREPROCESSOR_DEFINITIONS = (
					"DEBUG=1",
					"$(inherited)",
				);
				GCC_WARN_64_TO_32_BIT_CONVERSION = YES;
				GCC_WARN_ABOUT_RETURN_TYPE = YES_ERROR;
				GCC_WARN_UNDECLARED_SELECTOR = YES;
				GCC_WARN_UNINITIALIZED_AUTOS = YES_AGGRESSIVE;
				GCC_WARN_UNUSED_FUNCTION = YES;
				GCC_WARN_UNUSED_VARIABLE = YES;
				IPHONEOS_DEPLOYMENT_TARGET = 11.2;
				MTL_ENABLE_DEBUG_INFO = YES;
				ONLY_ACTIVE_ARCH = YES;
				SDKROOT = iphoneos;
				SWIFT_ACTIVE_COMPILATION_CONDITIONS = DEBUG;
				SWIFT_OPTIMIZATION_LEVEL = "-Onone";
			};
			name = Debug;
		};
		290BD6331FD4A73A0096CFF8 /* Release */ = {
			isa = XCBuildConfiguration;
			buildSettings = {
				ALWAYS_SEARCH_USER_PATHS = NO;
				CLANG_ANALYZER_NONNULL = YES;
				CLANG_ANALYZER_NUMBER_OBJECT_CONVERSION = YES_AGGRESSIVE;
				CLANG_CXX_LANGUAGE_STANDARD = "gnu++14";
				CLANG_CXX_LIBRARY = "libc++";
				CLANG_ENABLE_MODULES = YES;
				CLANG_ENABLE_OBJC_ARC = YES;
				CLANG_WARN_BLOCK_CAPTURE_AUTORELEASING = YES;
				CLANG_WARN_BOOL_CONVERSION = YES;
				CLANG_WARN_COMMA = YES;
				CLANG_WARN_CONSTANT_CONVERSION = YES;
				CLANG_WARN_DIRECT_OBJC_ISA_USAGE = YES_ERROR;
				CLANG_WARN_DOCUMENTATION_COMMENTS = YES;
				CLANG_WARN_EMPTY_BODY = YES;
				CLANG_WARN_ENUM_CONVERSION = YES;
				CLANG_WARN_INFINITE_RECURSION = YES;
				CLANG_WARN_INT_CONVERSION = YES;
				CLANG_WARN_NON_LITERAL_NULL_CONVERSION = YES;
				CLANG_WARN_OBJC_LITERAL_CONVERSION = YES;
				CLANG_WARN_OBJC_ROOT_CLASS = YES_ERROR;
				CLANG_WARN_RANGE_LOOP_ANALYSIS = YES;
				CLANG_WARN_STRICT_PROTOTYPES = YES;
				CLANG_WARN_SUSPICIOUS_MOVE = YES;
				CLANG_WARN_UNGUARDED_AVAILABILITY = YES_AGGRESSIVE;
				CLANG_WARN_UNREACHABLE_CODE = YES;
				CLANG_WARN__DUPLICATE_METHOD_MATCH = YES;
				CODE_SIGN_IDENTITY = "iPhone Developer";
				COPY_PHASE_STRIP = NO;
				DEBUG_INFORMATION_FORMAT = "dwarf-with-dsym";
				ENABLE_NS_ASSERTIONS = NO;
				ENABLE_STRICT_OBJC_MSGSEND = YES;
				GCC_C_LANGUAGE_STANDARD = gnu11;
				GCC_NO_COMMON_BLOCKS = YES;
				GCC_WARN_64_TO_32_BIT_CONVERSION = YES;
				GCC_WARN_ABOUT_RETURN_TYPE = YES_ERROR;
				GCC_WARN_UNDECLARED_SELECTOR = YES;
				GCC_WARN_UNINITIALIZED_AUTOS = YES_AGGRESSIVE;
				GCC_WARN_UNUSED_FUNCTION = YES;
				GCC_WARN_UNUSED_VARIABLE = YES;
				IPHONEOS_DEPLOYMENT_TARGET = 11.2;
				MTL_ENABLE_DEBUG_INFO = NO;
				SDKROOT = iphoneos;
				SWIFT_OPTIMIZATION_LEVEL = "-Owholemodule";
				VALIDATE_PRODUCT = YES;
			};
			name = Release;
		};
		290BD6351FD4A73A0096CFF8 /* Debug */ = {
			isa = XCBuildConfiguration;
			baseConfigurationReference = 6D92DA538DD6983F8F6B7A80 /* Pods-MyOwnSocialNetwork.debug.xcconfig */;
			buildSettings = {
				ASSETCATALOG_COMPILER_APPICON_NAME = AppIcon;
				CODE_SIGN_STYLE = Automatic;
				DEVELOPMENT_TEAM = 696GDEHEZE;
				INFOPLIST_FILE = MyOwnSocialNetwork/Info.plist;
				LD_RUNPATH_SEARCH_PATHS = "$(inherited) @executable_path/Frameworks";
				PRODUCT_BUNDLE_IDENTIFIER = terror.MyOwnSocialNetwork;
				PRODUCT_NAME = "$(TARGET_NAME)";
				SWIFT_VERSION = 4.0;
				TARGETED_DEVICE_FAMILY = "1,2";
			};
			name = Debug;
		};
		290BD6361FD4A73A0096CFF8 /* Release */ = {
			isa = XCBuildConfiguration;
			baseConfigurationReference = 0BE754092A8108C5D05B27FB /* Pods-MyOwnSocialNetwork.release.xcconfig */;
			buildSettings = {
				ASSETCATALOG_COMPILER_APPICON_NAME = AppIcon;
				CODE_SIGN_STYLE = Automatic;
				DEVELOPMENT_TEAM = 696GDEHEZE;
				INFOPLIST_FILE = MyOwnSocialNetwork/Info.plist;
				LD_RUNPATH_SEARCH_PATHS = "$(inherited) @executable_path/Frameworks";
				PRODUCT_BUNDLE_IDENTIFIER = terror.MyOwnSocialNetwork;
				PRODUCT_NAME = "$(TARGET_NAME)";
				SWIFT_VERSION = 4.0;
				TARGETED_DEVICE_FAMILY = "1,2";
			};
			name = Release;
		};
/* End XCBuildConfiguration section */

/* Begin XCConfigurationList section */
		290BD61D1FD4A73A0096CFF8 /* Build configuration list for PBXProject "MyOwnSocialNetwork" */ = {
			isa = XCConfigurationList;
			buildConfigurations = (
				290BD6321FD4A73A0096CFF8 /* Debug */,
				290BD6331FD4A73A0096CFF8 /* Release */,
			);
			defaultConfigurationIsVisible = 0;
			defaultConfigurationName = Release;
		};
		290BD6341FD4A73A0096CFF8 /* Build configuration list for PBXNativeTarget "MyOwnSocialNetwork" */ = {
			isa = XCConfigurationList;
			buildConfigurations = (
				290BD6351FD4A73A0096CFF8 /* Debug */,
				290BD6361FD4A73A0096CFF8 /* Release */,
			);
			defaultConfigurationIsVisible = 0;
			defaultConfigurationName = Release;
		};
/* End XCConfigurationList section */
	};
	rootObject = 290BD61A1FD4A73A0096CFF8 /* Project object */;
}
